{
  "originHash" : "f687417f930c1e99d930b7e509ff5edd7b4280b2e13a9ba6313adb6ded4911b4",
  "pins" : [
    {
      "identity" : "vortex",
      "kind" : "remoteSourceControl",
      "location" : "https://github.com/twostraws/Vortex",
      "state" : {
        "revision" : "bb48b128d3c13c68c68e83833c622eec9f6c701f",
        "version" : "1.0.1"
      }
    }
  ],
  "version" : 3
}
