// !$*UTF8*$!
{
	archiveVersion = 1;
	classes = {
	};
	objectVersion = 77;
	objects = {

/* Begin PBXBuildFile section */
		6139B376304E70EC0051D3AA /* SharedUI in Frameworks */ = {isa = PBXBuildFile; productRef = 6139B377304E70EC0051D3AA /* SharedUI */; };
		6139B7A0304E70EC0051D3AA /* SharedUI in Frameworks */ = {isa = PBXBuildFile; productRef = 6139B7A1304E70EC0051D3AA /* SharedUI */; };
		6139B420304E73040051D3AA /* Storage in Frameworks */ = {isa = PBXBuildFile; productRef = 6139B421304E73040051D3AA /* Storage */; };
		6139B4F6304E96E30051D3AA /* WidgetKit.framework in Frameworks */ = {isa = PBXBuildFile; fileRef = 6139B4F5304E96E30051D3AA /* WidgetKit.framework */; };
		6139B4F8304E96E30051D3AA /* SwiftUI.framework in Frameworks */ = {isa = PBXBuildFile; fileRef = 6139B4F7304E96E30051D3AA /* SwiftUI.framework */; };
		6139B507304E96E40051D3AA /* TimeKeeperWidgetsExtension.appex in Embed Foundation Extensions */ = {isa = PBXBuildFile; fileRef = 6139B4F3304E96E30051D3AA /* TimeKeeperWidgetsExtension.appex */; settings = {ATTRIBUTES = (RemoveHeadersOnCopy, ); }; };
		6139B50D304E96E40051D3AA /* Storage in Frameworks */ = {isa = PBXBuildFile; productRef = 6139B50E304E96E40051D3AA /* Storage */; };
		61E696032D2000C8007968B5 /* Vortex in Frameworks */ = {isa = PBXBuildFile; productRef = 61E696022D2000C8007968B5 /* Vortex */; };
/* End PBXBuildFile section */

/* Begin PBXContainerItemProxy section */
		6139B505304E96E40051D3AA /* PBXContainerItemProxy */ = {
			isa = PBXContainerItemProxy;
			containerPortal = 61E695D92D1FFFFA007968B5 /* Project object */;
			proxyType = 1;
			remoteGlobalIDString = 6139B4F2304E96E30051D3AA;
			remoteInfo = TimeKeeperWidgetsExtension;
		};
/* End PBXContainerItemProxy section */

/* Begin PBXCopyFilesBuildPhase section */
		6139B50C304E96E40051D3AA /* Embed Foundation Extensions */ = {
			isa = PBXCopyFilesBuildPhase;
			buildActionMask = 2147483647;
			dstPath = "";
			dstSubfolderSpec = 13;
			files = (
				6139B507304E96E40051D3AA /* TimeKeeperWidgetsExtension.appex in Embed Foundation Extensions */,
			);
			name = "Embed Foundation Extensions";
			runOnlyForDeploymentPostprocessing = 0;
		};
/* End PBXCopyFilesBuildPhase section */

/* Begin PBXFileReference section */
		6139B4F3304E96E30051D3AA /* TimeKeeperWidgetsExtension.appex */ = {isa = PBXFileReference; explicitFileType = "wrapper.app-extension"; includeInIndex = 0; path = TimeKeeperWidgetsExtension.appex; sourceTree = BUILT_PRODUCTS_DIR; };
		6139B4F5304E96E30051D3AA /* WidgetKit.framework */ = {isa = PBXFileReference; lastKnownFileType = wrapper.framework; name = WidgetKit.framework; path = System/Library/Frameworks/WidgetKit.framework; sourceTree = SDKROOT; };
		6139B4F7304E96E30051D3AA /* SwiftUI.framework */ = {isa = PBXFileReference; lastKnownFileType = wrapper.framework; name = SwiftUI.framework; path = System/Library/Frameworks/SwiftUI.framework; sourceTree = SDKROOT; };
		61E695E12D1FFFFA007968B5 /* Aesthetic Time Keeper.app */ = {isa = PBXFileReference; explicitFileType = wrapper.application; includeInIndex = 0; path = "Aesthetic Time Keeper.app"; sourceTree = BUILT_PRODUCTS_DIR; };
/* End PBXFileReference section */

/* Begin PBXFileSystemSynchronizedBuildFileExceptionSet section */
		6139B508304E96E40051D3AA /* Exceptions for "TimeKeeperWidgets" folder in "TimeKeeperWidgetsExtension" target */ = {
			isa = PBXFileSystemSynchronizedBuildFileExceptionSet;
			membershipExceptions = (
				Info.plist,
			);
			target = 6139B4F2304E96E30051D3AA /* TimeKeeperWidgetsExtension */;
		};
/* End PBXFileSystemSynchronizedBuildFileExceptionSet section */

/* Begin PBXFileSystemSynchronizedRootGroup section */
		6139B4F9304E96E30051D3AA /* TimeKeeperWidgets */ = {
			isa = PBXFileSystemSynchronizedRootGroup;
			exceptions = (
				6139B508304E96E40051D3AA /* Exceptions for "TimeKeeperWidgets" folder in "TimeKeeperWidgetsExtension" target */,
			);
			path = TimeKeeperWidgets;
			sourceTree = "<group>";
		};
		61E695E32D1FFFFA007968B5 /* Aesthetic Time Keeper */ = {
			isa = PBXFileSystemSynchronizedRootGroup;
			path = "Aesthetic Time Keeper";
			sourceTree = "<group>";
		};
/* End PBXFileSystemSynchronizedRootGroup section */

/* Begin PBXFrameworksBuildPhase section */
		6139B4F0304E96E30051D3AA /* Frameworks */ = {
			isa = PBXFrameworksBuildPhase;
			buildActionMask = 2147483647;
			files = (
				6139B50D304E96E40051D3AA /* Storage in Frameworks */,
				6139B7A0304E70EC0051D3AA /* SharedUI in Frameworks */,
				6139B4F8304E96E30051D3AA /* SwiftUI.framework in Frameworks */,
				6139B4F6304E96E30051D3AA /* WidgetKit.framework in Frameworks */,
			);
			runOnlyForDeploymentPostprocessing = 0;
		};
		61E695DE2D1FFFFA007968B5 /* Frameworks */ = {
			isa = PBXFrameworksBuildPhase;
			buildActionMask = 2147483647;
			files = (
				61E696032D2000C8007968B5 /* Vortex in Frameworks */,
				6139B376304E70EC0051D3AA /* SharedUI in Frameworks */,
				6139B420304E73040051D3AA /* Storage in Frameworks */,
			);
			runOnlyForDeploymentPostprocessing = 0;
		};
/* End PBXFrameworksBuildPhase section */

/* Begin PBXGroup section */
		6139B4F4304E96E30051D3AA /* Frameworks */ = {
			isa = PBXGroup;
			children = (
				6139B4F5304E96E30051D3AA /* WidgetKit.framework */,
				6139B4F7304E96E30051D3AA /* SwiftUI.framework */,
			);
			name = Frameworks;
			sourceTree = "<group>";
		};
		61E695D82D1FFFFA007968B5 = {
			isa = PBXGroup;
			children = (
				61E695E32D1FFFFA007968B5 /* Aesthetic Time Keeper */,
				6139B4F9304E96E30051D3AA /* TimeKeeperWidgets */,
				6139B4F4304E96E30051D3AA /* Frameworks */,
				61E695E22D1FFFFA007968B5 /* Products */,
			);
			sourceTree = "<group>";
		};
		61E695E22D1FFFFA007968B5 /* Products */ = {
			isa = PBXGroup;
			children = (
				61E695E12D1FFFFA007968B5 /* Aesthetic Time Keeper.app */,
				6139B4F3304E96E30051D3AA /* TimeKeeperWidgetsExtension.appex */,
			);
			name = Products;
			sourceTree = "<group>";
		};
/* End PBXGroup section */

/* Begin PBXNativeTarget section */
		6139B4F2304E96E30051D3AA /* TimeKeeperWidgetsExtension */ = {
			isa = PBXNativeTarget;
			buildConfigurationList = 6139B509304E96E40051D3AA /* Build configuration list for PBXNativeTarget "TimeKeeperWidgetsExtension" */;
			buildPhases = (
				6139B4EF304E96E30051D3AA /* Sources */,
				6139B4F0304E96E30051D3AA /* Frameworks */,
				6139B4F1304E96E30051D3AA /* Resources */,
			);
			buildRules = (
			);
			dependencies = (
			);
			fileSystemSynchronizedGroups = (
				6139B4F9304E96E30051D3AA /* TimeKeeperWidgets */,
			);
			name = TimeKeeperWidgetsExtension;
			packageProductDependencies = (
				6139B50E304E96E40051D3AA /* Storage */,
				6139B7A1304E70EC0051D3AA /* SharedUI */,
			);
			productName = TimeKeeperWidgetsExtension;
			productReference = 6139B4F3304E96E30051D3AA /* TimeKeeperWidgetsExtension.appex */;
			productType = "com.apple.product-type.app-extension";
		};
		61E695E02D1FFFFA007968B5 /* Aesthetic Time Keeper */ = {
			isa = PBXNativeTarget;
			buildConfigurationList = 61E695F22D1FFFFB007968B5 /* Build configuration list for PBXNativeTarget "Aesthetic Time Keeper" */;
			buildPhases = (
				61E695DD2D1FFFFA007968B5 /* Sources */,
				61E695DE2D1FFFFA007968B5 /* Frameworks */,
				61E695DF2D1FFFFA007968B5 /* Resources */,
				6139B50C304E96E40051D3AA /* Embed Foundation Extensions */,
			);
			buildRules = (
			);
			dependencies = (
				6139B506304E96E40051D3AA /* PBXTargetDependency */,
			);
			fileSystemSynchronizedGroups = (
				61E695E32D1FFFFA007968B5 /* Aesthetic Time Keeper */,
			);
			name = "Aesthetic Time Keeper";
			packageProductDependencies = (
				61E696022D2000C8007968B5 /* Vortex */,
				6139B377304E70EC0051D3AA /* SharedUI */,
				6139B421304E73040051D3AA /* Storage */,
			);
			productName = "Aesthetic Time Keeper";
			productReference = 61E695E12D1FFFFA007968B5 /* Aesthetic Time Keeper.app */;
			productType = "com.apple.product-type.application";
		};
/* End PBXNativeTarget section */

/* Begin PBXProject section */
		61E695D92D1FFFFA007968B5 /* Project object */ = {
			isa = PBXProject;
			attributes = {
				BuildIndependentTargetsInParallel = 1;
				LastSwiftUpdateCheck = 2650;
				LastUpgradeCheck = 1600;
				TargetAttributes = {
					6139B4F2304E96E30051D3AA = {
						CreatedOnToolsVersion = 26.5;
					};
					61E695E02D1FFFFA007968B5 = {
						CreatedOnToolsVersion = 16.0;
					};
				};
			};
			buildConfigurationList = 61E695DC2D1FFFFA007968B5 /* Build configuration list for PBXProject "Aesthetic Time Keeper" */;
			developmentRegion = en;
			hasScannedForEncodings = 0;
			knownRegions = (
				en,
				Base,
			);
			mainGroup = 61E695D82D1FFFFA007968B5;
			minimizedProjectReferenceProxies = 1;
			packageReferences = (
				61E696012D2000C8007968B5 /* XCRemoteSwiftPackageReference "Vortex" */,
				6139B378304E70EC0051D3AA /* XCLocalSwiftPackageReference "SharedUI" */,
				6139B422304E73040051D3AA /* XCLocalSwiftPackageReference "Storage" */,
			);
			preferredProjectObjectVersion = 77;
			productRefGroup = 61E695E22D1FFFFA007968B5 /* Products */;
			projectDirPath = "";
			projectRoot = "";
			targets = (
				61E695E02D1FFFFA007968B5 /* Aesthetic Time Keeper */,
				6139B4F2304E96E30051D3AA /* TimeKeeperWidgetsExtension */,
			);
		};
/* End PBXProject section */

/* Begin PBXResourcesBuildPhase section */
		6139B4F1304E96E30051D3AA /* Resources */ = {
			isa = PBXResourcesBuildPhase;
			buildActionMask = 2147483647;
			files = (
			);
			runOnlyForDeploymentPostprocessing = 0;
		};
		61E695DF2D1FFFFA007968B5 /* Resources */ = {
			isa = PBXResourcesBuildPhase;
			buildActionMask = 2147483647;
			files = (
			);
			runOnlyForDeploymentPostprocessing = 0;
		};
/* End PBXResourcesBuildPhase section */

/* Begin PBXSourcesBuildPhase section */
		6139B4EF304E96E30051D3AA /* Sources */ = {
			isa = PBXSourcesBuildPhase;
			buildActionMask = 2147483647;
			files = (
			);
			runOnlyForDeploymentPostprocessing = 0;
		};
		61E695DD2D1FFFFA007968B5 /* Sources */ = {
			isa = PBXSourcesBuildPhase;
			buildActionMask = 2147483647;
			files = (
			);
			runOnlyForDeploymentPostprocessing = 0;
		};
/* End PBXSourcesBuildPhase section */

/* Begin PBXTargetDependency section */
		6139B506304E96E40051D3AA /* PBXTargetDependency */ = {
			isa = PBXTargetDependency;
			target = 6139B4F2304E96E30051D3AA /* TimeKeeperWidgetsExtension */;
			targetProxy = 6139B505304E96E40051D3AA /* PBXContainerItemProxy */;
		};
/* End PBXTargetDependency section */

/* Begin XCBuildConfiguration section */
		6139B50A304E96E40051D3AA /* Debug */ = {
			isa = XCBuildConfiguration;
			buildSettings = {
				ASSETCATALOG_COMPILER_GLOBAL_ACCENT_COLOR_NAME = AccentColor;
				ASSETCATALOG_COMPILER_WIDGET_BACKGROUND_COLOR_NAME = WidgetBackground;
				CODE_SIGN_ENTITLEMENTS = TimeKeeperWidgets/TimeKeeperWidgets.entitlements;
				CODE_SIGN_STYLE = Automatic;
				CURRENT_PROJECT_VERSION = 1;
				DEVELOPMENT_TEAM = 5PGJSL3NV4;
				GENERATE_INFOPLIST_FILE = YES;
				INFOPLIST_FILE = TimeKeeperWidgets/Info.plist;
				INFOPLIST_KEY_CFBundleDisplayName = TimeKeeperWidgets;
				INFOPLIST_KEY_NSHumanReadableCopyright = "";
				INFOPLIST_KEY_NSSupportsLiveActivities = YES;
				IPHONEOS_DEPLOYMENT_TARGET = 26.5;
				LD_RUNPATH_SEARCH_PATHS = (
					"$(inherited)",
					"@executable_path/Frameworks",
					"@executable_path/../../Frameworks",
				);
				MARKETING_VERSION = 1.0;
				PRODUCT_BUNDLE_IDENTIFIER = "com.sandeepKr.practice.Aesthetic-Time-Keeper.TimeKeeperWidgets";
				PRODUCT_NAME = "$(TARGET_NAME)";
				SDKROOT = iphoneos;
				SKIP_INSTALL = YES;
				STRING_CATALOG_GENERATE_SYMBOLS = YES;
				SWIFT_APPROACHABLE_CONCURRENCY = YES;
				SWIFT_EMIT_LOC_STRINGS = YES;
				SWIFT_UPCOMING_FEATURE_MEMBER_IMPORT_VISIBILITY = YES;
				SWIFT_VERSION = 5.0;
				TARGETED_DEVICE_FAMILY = "1,2";
			};
			name = Debug;
		};
		6139B50B304E96E40051D3AA /* Release */ = {
			isa = XCBuildConfiguration;
			buildSettings = {
				ASSETCATALOG_COMPILER_GLOBAL_ACCENT_COLOR_NAME = AccentColor;
				ASSETCATALOG_COMPILER_WIDGET_BACKGROUND_COLOR_NAME = WidgetBackground;
				CODE_SIGN_ENTITLEMENTS = TimeKeeperWidgets/TimeKeeperWidgets.entitlements;
				CODE_SIGN_STYLE = Automatic;
				CURRENT_PROJECT_VERSION = 1;
				DEVELOPMENT_TEAM = 5PGJSL3NV4;
				GENERATE_INFOPLIST_FILE = YES;
				INFOPLIST_FILE = TimeKeeperWidgets/Info.plist;
				INFOPLIST_KEY_CFBundleDisplayName = TimeKeeperWidgets;
				INFOPLIST_KEY_NSHumanReadableCopyright = "";
				INFOPLIST_KEY_NSSupportsLiveActivities = YES;
				IPHONEOS_DEPLOYMENT_TARGET = 26.5;
				LD_RUNPATH_SEARCH_PATHS = (
					"$(inherited)",
					"@executable_path/Frameworks",
					"@executable_path/../../Frameworks",
				);
				MARKETING_VERSION = 1.0;
				PRODUCT_BUNDLE_IDENTIFIER = "com.sandeepKr.practice.Aesthetic-Time-Keeper.TimeKeeperWidgets";
				PRODUCT_NAME = "$(TARGET_NAME)";
				SDKROOT = iphoneos;
				SKIP_INSTALL = YES;
				STRING_CATALOG_GENERATE_SYMBOLS = YES;
				SWIFT_APPROACHABLE_CONCURRENCY = YES;
				SWIFT_EMIT_LOC_STRINGS = YES;
				SWIFT_UPCOMING_FEATURE_MEMBER_IMPORT_VISIBILITY = YES;
				SWIFT_VERSION = 5.0;
				TARGETED_DEVICE_FAMILY = "1,2";
				VALIDATE_PRODUCT = YES;
			};
			name = Release;
		};
		61E695F02D1FFFFB007968B5 /* Debug */ = {
			isa = XCBuildConfiguration;
			buildSettings = {
				ALWAYS_SEARCH_USER_PATHS = NO;
				ASSETCATALOG_COMPILER_GENERATE_SWIFT_ASSET_SYMBOL_EXTENSIONS = YES;
				CLANG_ANALYZER_NONNULL = YES;
				CLANG_ANALYZER_NUMBER_OBJECT_CONVERSION = YES_AGGRESSIVE;
				CLANG_CXX_LANGUAGE_STANDARD = "gnu++20";
				CLANG_ENABLE_MODULES = YES;
				CLANG_ENABLE_OBJC_ARC = YES;
				CLANG_ENABLE_OBJC_WEAK = YES;
				CLANG_WARN_BLOCK_CAPTURE_AUTORELEASING = YES;
				CLANG_WARN_BOOL_CONVERSION = YES;
				CLANG_WARN_COMMA = YES;
				CLANG_WARN_CONSTANT_CONVERSION = YES;
				CLANG_WARN_DEPRECATED_OBJC_IMPLEMENTATIONS = YES;
				CLANG_WARN_DIRECT_OBJC_ISA_USAGE = YES_ERROR;
				CLANG_WARN_DOCUMENTATION_COMMENTS = YES;
				CLANG_WARN_EMPTY_BODY = YES;
				CLANG_WARN_ENUM_CONVERSION = YES;
				CLANG_WARN_INFINITE_RECURSION = YES;
				CLANG_WARN_INT_CONVERSION = YES;
				CLANG_WARN_NON_LITERAL_NULL_CONVERSION = YES;
				CLANG_WARN_OBJC_IMPLICIT_RETAIN_SELF = YES;
				CLANG_WARN_OBJC_LITERAL_CONVERSION = YES;
				CLANG_WARN_OBJC_ROOT_CLASS = YES_ERROR;
				CLANG_WARN_QUOTED_INCLUDE_IN_FRAMEWORK_HEADER = YES;
				CLANG_WARN_RANGE_LOOP_ANALYSIS = YES;
				CLANG_WARN_STRICT_PROTOTYPES = YES;
				CLANG_WARN_SUSPICIOUS_MOVE = YES;
				CLANG_WARN_UNGUARDED_AVAILABILITY = YES_AGGRESSIVE;
				CLANG_WARN_UNREACHABLE_CODE = YES;
				CLANG_WARN__DUPLICATE_METHOD_MATCH = YES;
				COPY_PHASE_STRIP = NO;
				DEBUG_INFORMATION_FORMAT = dwarf;
				ENABLE_STRICT_OBJC_MSGSEND = YES;
				ENABLE_TESTABILITY = YES;
				ENABLE_USER_SCRIPT_SANDBOXING = YES;
				GCC_C_LANGUAGE_STANDARD = gnu17;
				GCC_DYNAMIC_NO_PIC = NO;
				GCC_NO_COMMON_BLOCKS = YES;
				GCC_OPTIMIZATION_LEVEL = 0;
				GCC_PREPROCESSOR_DEFINITIONS = (
					"DEBUG=1",
					"$(inherited)",
				);
				GCC_WARN_64_TO_32_BIT_CONVERSION = YES;
				GCC_WARN_ABOUT_RETURN_TYPE = YES_ERROR;
				GCC_WARN_UNDECLARED_SELECTOR = YES;
				GCC_WARN_UNINITIALIZED_AUTOS = YES_AGGRESSIVE;
				GCC_WARN_UNUSED_FUNCTION = YES;
				GCC_WARN_UNUSED_VARIABLE = YES;
				LOCALIZATION_PREFERS_STRING_CATALOGS = YES;
				MTL_ENABLE_DEBUG_INFO = INCLUDE_SOURCE;
				MTL_FAST_MATH = YES;
				ONLY_ACTIVE_ARCH = YES;
				SWIFT_ACTIVE_COMPILATION_CONDITIONS = "DEBUG $(inherited)";
				SWIFT_OPTIMIZATION_LEVEL = "-Onone";
			};
			name = Debug;
		};
		61E695F12D1FFFFB007968B5 /* Release */ = {
			isa = XCBuildConfiguration;
			buildSettings = {
				ALWAYS_SEARCH_USER_PATHS = NO;
				ASSETCATALOG_COMPILER_GENERATE_SWIFT_ASSET_SYMBOL_EXTENSIONS = YES;
				CLANG_ANALYZER_NONNULL = YES;
				CLANG_ANALYZER_NUMBER_OBJECT_CONVERSION = YES_AGGRESSIVE;
				CLANG_CXX_LANGUAGE_STANDARD = "gnu++20";
				CLANG_ENABLE_MODULES = YES;
				CLANG_ENABLE_OBJC_ARC = YES;
				CLANG_ENABLE_OBJC_WEAK = YES;
				CLANG_WARN_BLOCK_CAPTURE_AUTORELEASING = YES;
				CLANG_WARN_BOOL_CONVERSION = YES;
				CLANG_WARN_COMMA = YES;
				CLANG_WARN_CONSTANT_CONVERSION = YES;
				CLANG_WARN_DEPRECATED_OBJC_IMPLEMENTATIONS = YES;
				CLANG_WARN_DIRECT_OBJC_ISA_USAGE = YES_ERROR;
				CLANG_WARN_DOCUMENTATION_COMMENTS = YES;
				CLANG_WARN_EMPTY_BODY = YES;
				CLANG_WARN_ENUM_CONVERSION = YES;
				CLANG_WARN_INFINITE_RECURSION = YES;
				CLANG_WARN_INT_CONVERSION = YES;
				CLANG_WARN_NON_LITERAL_NULL_CONVERSION = YES;
				CLANG_WARN_OBJC_IMPLICIT_RETAIN_SELF = YES;
				CLANG_WARN_OBJC_LITERAL_CONVERSION = YES;
				CLANG_WARN_OBJC_ROOT_CLASS = YES_ERROR;
				CLANG_WARN_QUOTED_INCLUDE_IN_FRAMEWORK_HEADER = YES;
				CLANG_WARN_RANGE_LOOP_ANALYSIS = YES;
				CLANG_WARN_STRICT_PROTOTYPES = YES;
				CLANG_WARN_SUSPICIOUS_MOVE = YES;
				CLANG_WARN_UNGUARDED_AVAILABILITY = YES_AGGRESSIVE;
				CLANG_WARN_UNREACHABLE_CODE = YES;
				CLANG_WARN__DUPLICATE_METHOD_MATCH = YES;
				COPY_PHASE_STRIP = NO;
				DEBUG_INFORMATION_FORMAT = "dwarf-with-dsym";
				ENABLE_NS_ASSERTIONS = NO;
				ENABLE_STRICT_OBJC_MSGSEND = YES;
				ENABLE_USER_SCRIPT_SANDBOXING = YES;
				GCC_C_LANGUAGE_STANDARD = gnu17;
				GCC_NO_COMMON_BLOCKS = YES;
				GCC_WARN_64_TO_32_BIT_CONVERSION = YES;
				GCC_WARN_ABOUT_RETURN_TYPE = YES_ERROR;
				GCC_WARN_UNDECLARED_SELECTOR = YES;
				GCC_WARN_UNINITIALIZED_AUTOS = YES_AGGRESSIVE;
				GCC_WARN_UNUSED_FUNCTION = YES;
				GCC_WARN_UNUSED_VARIABLE = YES;
				LOCALIZATION_PREFERS_STRING_CATALOGS = YES;
				MTL_ENABLE_DEBUG_INFO = NO;
				MTL_FAST_MATH = YES;
				SWIFT_COMPILATION_MODE = wholemodule;
			};
			name = Release;
		};
		61E695F32D1FFFFB007968B5 /* Debug */ = {
			isa = XCBuildConfiguration;
			buildSettings = {
				ASSETCATALOG_COMPILER_APPICON_NAME = AppIcon;
				ASSETCATALOG_COMPILER_GLOBAL_ACCENT_COLOR_NAME = AccentColor;
				CODE_SIGN_ENTITLEMENTS = "Aesthetic Time Keeper/Aesthetic_Time_Keeper.entitlements";
				CODE_SIGN_STYLE = Automatic;
				CURRENT_PROJECT_VERSION = 1;
				DEVELOPMENT_ASSET_PATHS = "\"Aesthetic Time Keeper/Preview Content\"";
				DEVELOPMENT_TEAM = 5PGJSL3NV4;
				ENABLE_HARDENED_RUNTIME = YES;
				ENABLE_PREVIEWS = YES;
				GENERATE_INFOPLIST_FILE = YES;
				INFOPLIST_KEY_NSSupportsLiveActivities = YES;
				"INFOPLIST_KEY_UIApplicationSceneManifest_Generation[sdk=iphoneos*]" = YES;
				"INFOPLIST_KEY_UIApplicationSceneManifest_Generation[sdk=iphonesimulator*]" = YES;
				"INFOPLIST_KEY_UIApplicationSupportsIndirectInputEvents[sdk=iphoneos*]" = YES;
				"INFOPLIST_KEY_UIApplicationSupportsIndirectInputEvents[sdk=iphonesimulator*]" = YES;
				"INFOPLIST_KEY_UILaunchScreen_Generation[sdk=iphoneos*]" = YES;
				"INFOPLIST_KEY_UILaunchScreen_Generation[sdk=iphonesimulator*]" = YES;
				"INFOPLIST_KEY_UIStatusBarStyle[sdk=iphoneos*]" = UIStatusBarStyleDefault;
				"INFOPLIST_KEY_UIStatusBarStyle[sdk=iphonesimulator*]" = UIStatusBarStyleDefault;
				INFOPLIST_KEY_UISupportedInterfaceOrientations_iPad = "UIInterfaceOrientationPortrait UIInterfaceOrientationPortraitUpsideDown UIInterfaceOrientationLandscapeLeft UIInterfaceOrientationLandscapeRight";
				INFOPLIST_KEY_UISupportedInterfaceOrientations_iPhone = "UIInterfaceOrientationPortrait UIInterfaceOrientationLandscapeLeft UIInterfaceOrientationLandscapeRight";
				IPHONEOS_DEPLOYMENT_TARGET = 26.5;
				LD_RUNPATH_SEARCH_PATHS = "@executable_path/Frameworks";
				"LD_RUNPATH_SEARCH_PATHS[sdk=macosx*]" = "@executable_path/../Frameworks";
				MACOSX_DEPLOYMENT_TARGET = 14.0;
				MARKETING_VERSION = 1.0;
				PRODUCT_BUNDLE_IDENTIFIER = "com.sandeepKr.practice.Aesthetic-Time-Keeper";
				PRODUCT_NAME = "$(TARGET_NAME)";
				SDKROOT = auto;
				SUPPORTED_PLATFORMS = "iphoneos iphonesimulator macosx xros xrsimulator";
				SWIFT_EMIT_LOC_STRINGS = YES;
				SWIFT_VERSION = 5.0;
				TARGETED_DEVICE_FAMILY = "1,2,7";
				XROS_DEPLOYMENT_TARGET = 2.0;
			};
			name = Debug;
		};
		61E695F42D1FFFFB007968B5 /* Release */ = {
			isa = XCBuildConfiguration;
			buildSettings = {
				ASSETCATALOG_COMPILER_APPICON_NAME = AppIcon;
				ASSETCATALOG_COMPILER_GLOBAL_ACCENT_COLOR_NAME = AccentColor;
				CODE_SIGN_ENTITLEMENTS = "Aesthetic Time Keeper/Aesthetic_Time_Keeper.entitlements";
				CODE_SIGN_STYLE = Automatic;
				CURRENT_PROJECT_VERSION = 1;
				DEVELOPMENT_ASSET_PATHS = "\"Aesthetic Time Keeper/Preview Content\"";
				DEVELOPMENT_TEAM = 5PGJSL3NV4;
				ENABLE_HARDENED_RUNTIME = YES;
				ENABLE_PREVIEWS = YES;
				GENERATE_INFOPLIST_FILE = YES;
				INFOPLIST_KEY_NSSupportsLiveActivities = YES;
				"INFOPLIST_KEY_UIApplicationSceneManifest_Generation[sdk=iphoneos*]" = YES;
				"INFOPLIST_KEY_UIApplicationSceneManifest_Generation[sdk=iphonesimulator*]" = YES;
				"INFOPLIST_KEY_UIApplicationSupportsIndirectInputEvents[sdk=iphoneos*]" = YES;
				"INFOPLIST_KEY_UIApplicationSupportsIndirectInputEvents[sdk=iphonesimulator*]" = YES;
				"INFOPLIST_KEY_UILaunchScreen_Generation[sdk=iphoneos*]" = YES;
				"INFOPLIST_KEY_UILaunchScreen_Generation[sdk=iphonesimulator*]" = YES;
				"INFOPLIST_KEY_UIStatusBarStyle[sdk=iphoneos*]" = UIStatusBarStyleDefault;
				"INFOPLIST_KEY_UIStatusBarStyle[sdk=iphonesimulator*]" = UIStatusBarStyleDefault;
				INFOPLIST_KEY_UISupportedInterfaceOrientations_iPad = "UIInterfaceOrientationPortrait UIInterfaceOrientationPortraitUpsideDown UIInterfaceOrientationLandscapeLeft UIInterfaceOrientationLandscapeRight";
				INFOPLIST_KEY_UISupportedInterfaceOrientations_iPhone = "UIInterfaceOrientationPortrait UIInterfaceOrientationLandscapeLeft UIInterfaceOrientationLandscapeRight";
				IPHONEOS_DEPLOYMENT_TARGET = 26.5;
				LD_RUNPATH_SEARCH_PATHS = "@executable_path/Frameworks";
				"LD_RUNPATH_SEARCH_PATHS[sdk=macosx*]" = "@executable_path/../Frameworks";
				MACOSX_DEPLOYMENT_TARGET = 14.0;
				MARKETING_VERSION = 1.0;
				PRODUCT_BUNDLE_IDENTIFIER = "com.sandeepKr.practice.Aesthetic-Time-Keeper";
				PRODUCT_NAME = "$(TARGET_NAME)";
				SDKROOT = auto;
				SUPPORTED_PLATFORMS = "iphoneos iphonesimulator macosx xros xrsimulator";
				SWIFT_EMIT_LOC_STRINGS = YES;
				SWIFT_VERSION = 5.0;
				TARGETED_DEVICE_FAMILY = "1,2,7";
				XROS_DEPLOYMENT_TARGET = 2.0;
			};
			name = Release;
		};
/* End XCBuildConfiguration section */

/* Begin XCConfigurationList section */
		6139B509304E96E40051D3AA /* Build configuration list for PBXNativeTarget "TimeKeeperWidgetsExtension" */ = {
			isa = XCConfigurationList;
			buildConfigurations = (
				6139B50A304E96E40051D3AA /* Debug */,
				6139B50B304E96E40051D3AA /* Release */,
			);
			defaultConfigurationIsVisible = 0;
			defaultConfigurationName = Release;
		};
		61E695DC2D1FFFFA007968B5 /* Build configuration list for PBXProject "Aesthetic Time Keeper" */ = {
			isa = XCConfigurationList;
			buildConfigurations = (
				61E695F02D1FFFFB007968B5 /* Debug */,
				61E695F12D1FFFFB007968B5 /* Release */,
			);
			defaultConfigurationIsVisible = 0;
			defaultConfigurationName = Release;
		};
		61E695F22D1FFFFB007968B5 /* Build configuration list for PBXNativeTarget "Aesthetic Time Keeper" */ = {
			isa = XCConfigurationList;
			buildConfigurations = (
				61E695F32D1FFFFB007968B5 /* Debug */,
				61E695F42D1FFFFB007968B5 /* Release */,
			);
			defaultConfigurationIsVisible = 0;
			defaultConfigurationName = Release;
		};
/* End XCConfigurationList section */

/* Begin XCLocalSwiftPackageReference section */
		6139B378304E70EC0051D3AA /* XCLocalSwiftPackageReference "SharedUI" */ = {
			isa = XCLocalSwiftPackageReference;
			relativePath = SharedUI;
		};
		6139B422304E73040051D3AA /* XCLocalSwiftPackageReference "Storage" */ = {
			isa = XCLocalSwiftPackageReference;
			relativePath = Storage;
		};
/* End XCLocalSwiftPackageReference section */

/* Begin XCRemoteSwiftPackageReference section */
		61E696012D2000C8007968B5 /* XCRemoteSwiftPackageReference "Vortex" */ = {
			isa = XCRemoteSwiftPackageReference;
			repositoryURL = "https://github.com/twostraws/Vortex";
			requirement = {
				kind = upToNextMajorVersion;
				minimumVersion = 1.0.1;
			};
		};
/* End XCRemoteSwiftPackageReference section */

/* Begin XCSwiftPackageProductDependency section */
		6139B377304E70EC0051D3AA /* SharedUI */ = {
			isa = XCSwiftPackageProductDependency;
			package = 6139B378304E70EC0051D3AA /* XCLocalSwiftPackageReference "SharedUI" */;
			productName = SharedUI;
		};
		6139B7A1304E70EC0051D3AA /* SharedUI */ = {
			isa = XCSwiftPackageProductDependency;
			package = 6139B378304E70EC0051D3AA /* XCLocalSwiftPackageReference "SharedUI" */;
			productName = SharedUI;
		};
		6139B421304E73040051D3AA /* Storage */ = {
			isa = XCSwiftPackageProductDependency;
			package = 6139B422304E73040051D3AA /* XCLocalSwiftPackageReference "Storage" */;
			productName = Storage;
		};
		6139B50E304E96E40051D3AA /* Storage */ = {
			isa = XCSwiftPackageProductDependency;
			package = 6139B422304E73040051D3AA /* XCLocalSwiftPackageReference "Storage" */;
			productName = Storage;
		};
		61E696022D2000C8007968B5 /* Vortex */ = {
			isa = XCSwiftPackageProductDependency;
			package = 61E696012D2000C8007968B5 /* XCRemoteSwiftPackageReference "Vortex" */;
			productName = Vortex;
		};
/* End XCSwiftPackageProductDependency section */
	};
	rootObject = 61E695D92D1FFFFA007968B5 /* Project object */;
}
